
Microsoft Visual Studio Solution File, Format Version 12.00
# Visual Studio Version 16
VisualStudioVersion = 16.0.31019.35
MinimumVisualStudioVersion = 10.0.40219.1
Project("{FAE04EC0-301F-11D3-BF4B-00C04F79EFBC}") = "045_ActDataGrid_C", "045_ActDataGrid_C.csproj", "{C062AE99-7CBA-4BEE-9968-BA1E91F54B6A}"
EndProject
Global
	GlobalSection(SolutionConfigurationPlatforms) = preSolution
		Debug|Any CPU = Debug|Any CPU
		Release|Any CPU = Release|Any CPU
	EndGlobalSection
	GlobalSection(ProjectConfigurationPlatforms) = postSolution
		{C062AE99-7CBA-4BEE-9968-BA1E91F54B6A}.Debug|Any CPU.ActiveCfg = Debug|Any CPU
		{C062AE99-7CBA-4BEE-9968-BA1E91F54B6A}.Debug|Any CPU.Build.0 = Debug|Any CPU
		{C062AE99-7CBA-4BEE-9968-BA1E91F54B6A}.Release|Any CPU.ActiveCfg = Release|Any CPU
		{C062AE99-7CBA-4BEE-9968-BA1E91F54B6A}.Release|Any CPU.Build.0 = Release|Any CPU
	EndGlobalSection
	GlobalSection(SolutionProperties) = preSolution
		HideSolutionNode = FALSE
	EndGlobalSection
	GlobalSection(ExtensibilityGlobals) = postSolution
		SolutionGuid = {A43289D1-5098-44C4-80D4-A5C3F37B06B1}
	EndGlobalSection
EndGlobal
